<?xml version="1.0" encoding="utf-8"?>
<Project ToolsVersion="4.0" xmlns="http://schemas.microsoft.com/developer/msbuild/2003">
  <ItemGroup>
    <Filter Include="Source Files">
      <UniqueIdentifier>{4FC737F1-C7A5-4376-A066-2A32D752A2FF}</UniqueIdentifier>
      <Extensions>cpp;c;cc;cxx;def;odl;idl;hpj;bat;asm;asmx</Extensions>
    </Filter>
    <Filter Include="Header Files">
      <UniqueIdentifier>{93995380-89BD-4b04-88EB-625FBE52EBFB}</UniqueIdentifier>
      <Extensions>h;hh;hpp;hxx;hm;inl;inc;xsd</Extensions>
    </Filter>
    <Filter Include="Resource Files">
      <UniqueIdentifier>{67DA6AB6-F800-4c08-8B7A-83BB121AAD01}</UniqueIdentifier>
      <Extensions>rc;ico;cur;bmp;dlg;rc2;rct;bin;rgs;gif;jpg;jpeg;jpe;resx;tiff;tif;png;wav;mfcribbon-ms</Extensions>
    </Filter>
    <Filter Include="Header Files\gui">
      <UniqueIdentifier>{9f081dff-22fa-4ff0-ac9d-c247a506ce16}</UniqueIdentifier>
    </Filter>
    <Filter Include="Source Files\gui">
      <UniqueIdentifier>{3eab7c3f-cdcd-463c-b567-c0d87d5bc3ef}</UniqueIdentifier>
    </Filter>
    <Filter Include="Source Files\utils">
      <UniqueIdentifier>{1ae05912-d25f-45af-9fe4-821614d23b47}</UniqueIdentifier>
    </Filter>
    <Filter Include="Header Files\utils">
      <UniqueIdentifier>{c27a6c79-a2d5-4e8c-b588-419dd39f23ef}</UniqueIdentifier>
    </Filter>
  </ItemGroup>
  <ItemGroup>
    <Image Include="..\..\netscan\compic.bmp">
      <Filter>Resource Files</Filter>
    </Image>
    <Image Include="..\..\netscan\icn_gray.bmp">
      <Filter>Resource Files</Filter>
    </Image>
    <Image Include="..\..\netscan\icn_green.bmp">
      <Filter>Resource Files</Filter>
    </Image>
    <Image Include="..\..\netscan\icn_red.bmp">
      <Filter>Resource Files</Filter>
    </Image>
    <Image Include="..\..\netscan\standard.bmp">
      <Filter>Resource Files</Filter>
    </Image>
  </ItemGroup>
  <ItemGroup>
    <ResourceCompile Include="Resource.rc">
      <Filter>Resource Files</Filter>
    </ResourceCompile>
  </ItemGroup>
  <ItemGroup>
    <ClCompile Include="..\gui\ApplicationWindow.cpp">
      <Filter>Source Files\gui</Filter>
    </ClCompile>
    <ClCompile Include="..\gui\CheckBox.cpp">
      <Filter>Source Files\gui</Filter>
    </ClCompile>
    <ClCompile Include="..\gui\ColorChooserDialog.cpp">
      <Filter>Source Files\gui</Filter>
    </ClCompile>
    <ClCompile Include="..\gui\ComboBox.cpp">
      <Filter>Source Files\gui</Filter>
    </ClCompile>
    <ClCompile Include="..\gui\Container.cpp">
      <Filter>Source Files\gui</Filter>
    </ClCompile>
    <ClCompile Include="..\gui\Control.cpp">
      <Filter>Source Files\gui</Filter>
    </ClCompile>
    <ClCompile Include="..\gui\control_ids.cpp">
      <Filter>Source Files\gui</Filter>
    </ClCompile>
    <ClCompile Include="..\gui\Debugger.cpp">
      <Filter>Source Files\gui</Filter>
    </ClCompile>
    <ClCompile Include="..\gui\GarbageBin.cpp">
      <Filter>Source Files\gui</Filter>
    </ClCompile>
    <ClCompile Include="..\gui\IDGenerator.cpp">
      <Filter>Source Files\gui</Filter>
    </ClCompile>
    <ClCompile Include="..\gui\ImageControl.cpp">
      <Filter>Source Files\gui</Filter>
    </ClCompile>
    <ClCompile Include="..\gui\ImageList.cpp">
      <Filter>Source Files\gui</Filter>
    </ClCompile>
    <ClCompile Include="..\gui\IPControl.cpp">
      <Filter>Source Files\gui</Filter>
    </ClCompile>
    <ClCompile Include="..\gui\ListBox.cpp">
      <Filter>Source Files\gui</Filter>
    </ClCompile>
    <ClCompile Include="..\gui\Menu.cpp">
      <Filter>Source Files\gui</Filter>
    </ClCompile>
    <ClCompile Include="..\gui\MenuItem.cpp">
      <Filter>Source Files\gui</Filter>
    </ClCompile>
    <ClCompile Include="..\gui\MouseCursor.cpp">
      <Filter>Source Files\gui</Filter>
    </ClCompile>
    <ClCompile Include="..\gui\OwnerDrawControl.cpp">
      <Filter>Source Files\gui</Filter>
    </ClCompile>
    <ClCompile Include="..\gui\PopupMenu.cpp">
      <Filter>Source Files\gui</Filter>
    </ClCompile>
    <ClCompile Include="..\gui\PushButton.cpp">
      <Filter>Source Files\gui</Filter>
    </ClCompile>
    <ClCompile Include="..\gui\RadioButton.cpp">
      <Filter>Source Files\gui</Filter>
    </ClCompile>
    <ClCompile Include="..\gui\StandaloneWindow.cpp">
      <Filter>Source Files\gui</Filter>
    </ClCompile>
    <ClCompile Include="..\gui\Static.cpp">
      <Filter>Source Files\gui</Filter>
    </ClCompile>
    <ClCompile Include="..\gui\StatusBar.cpp">
      <Filter>Source Files\gui</Filter>
    </ClCompile>
    <ClCompile Include="..\gui\TabControl.cpp">
      <Filter>Source Files\gui</Filter>
    </ClCompile>
    <ClCompile Include="..\gui\TabPage.cpp">
      <Filter>Source Files\gui</Filter>
    </ClCompile>
    <ClCompile Include="..\gui\TextField.cpp">
      <Filter>Source Files\gui</Filter>
    </ClCompile>
    <ClCompile Include="..\gui\ToolBar.cpp">
      <Filter>Source Files\gui</Filter>
    </ClCompile>
    <ClCompile Include="..\gui\ToolButton.cpp">
      <Filter>Source Files\gui</Filter>
    </ClCompile>
    <ClCompile Include="..\gui\ToolTip.cpp">
      <Filter>Source Files\gui</Filter>
    </ClCompile>
    <ClCompile Include="..\gui\TreeControl.cpp">
      <Filter>Source Files\gui</Filter>
    </ClCompile>
    <ClCompile Include="..\gui\TreeEntry.cpp">
      <Filter>Source Files\gui</Filter>
    </ClCompile>
    <ClCompile Include="..\gui\TreeItem.cpp">
      <Filter>Source Files\gui</Filter>
    </ClCompile>
    <ClCompile Include="..\gui\Window.cpp">
      <Filter>Source Files\gui</Filter>
    </ClCompile>
    <ClCompile Include="..\AboutWindow.cpp">
      <Filter>Source Files</Filter>
    </ClCompile>
    <ClCompile Include="..\main.cpp">
      <Filter>Source Files</Filter>
    </ClCompile>
    <ClCompile Include="..\MainMenu.cpp">
      <Filter>Source Files</Filter>
    </ClCompile>
    <ClCompile Include="..\MainWindow.cpp">
      <Filter>Source Files</Filter>
    </ClCompile>
    <ClCompile Include="..\utils\utils.cpp">
      <Filter>Source Files\utils</Filter>
    </ClCompile>
  </ItemGroup>
  <ItemGroup>
    <ClInclude Include="..\gui\ApplicationWindow.h">
      <Filter>Header Files\gui</Filter>
    </ClInclude>
    <ClInclude Include="..\gui\CheckBox.h">
      <Filter>Header Files\gui</Filter>
    </ClInclude>
    <ClInclude Include="..\gui\ColorChooserDialog.h">
      <Filter>Header Files\gui</Filter>
    </ClInclude>
    <ClInclude Include="..\gui\ComboBox.h">
      <Filter>Header Files\gui</Filter>
    </ClInclude>
    <ClInclude Include="..\gui\Container.h">
      <Filter>Header Files\gui</Filter>
    </ClInclude>
    <ClInclude Include="..\gui\Control.h">
      <Filter>Header Files\gui</Filter>
    </ClInclude>
    <ClInclude Include="..\gui\drawing_tools.h">
      <Filter>Header Files\gui</Filter>
    </ClInclude>
    <ClInclude Include="..\gui\GarbageBin.h">
      <Filter>Header Files\gui</Filter>
    </ClInclude>
    <ClInclude Include="..\gui\IDGenerator.h">
      <Filter>Header Files\gui</Filter>
    </ClInclude>
    <ClInclude Include="..\gui\ImageControl.h">
      <Filter>Header Files\gui</Filter>
    </ClInclude>
    <ClInclude Include="..\gui\ImageList.h">
      <Filter>Header Files\gui</Filter>
    </ClInclude>
    <ClInclude Include="..\gui\IPControl.h">
      <Filter>Header Files\gui</Filter>
    </ClInclude>
    <ClInclude Include="..\gui\ListBox.h">
      <Filter>Header Files\gui</Filter>
    </ClInclude>
    <ClInclude Include="..\gui\Menu.h">
      <Filter>Header Files\gui</Filter>
    </ClInclude>
    <ClInclude Include="..\gui\MenuItem.h">
      <Filter>Header Files\gui</Filter>
    </ClInclude>
    <ClInclude Include="..\gui\MouseCursor.h">
      <Filter>Header Files\gui</Filter>
    </ClInclude>
    <ClInclude Include="..\gui\OwnerDrawControl.h">
      <Filter>Header Files\gui</Filter>
    </ClInclude>
    <ClInclude Include="..\gui\PopupMenu.h">
      <Filter>Header Files\gui</Filter>
    </ClInclude>
    <ClInclude Include="..\gui\PushButton.h">
      <Filter>Header Files\gui</Filter>
    </ClInclude>
    <ClInclude Include="..\gui\RadioButton.h">
      <Filter>Header Files\gui</Filter>
    </ClInclude>
    <ClInclude Include="..\gui\StandaloneWindow.h">
      <Filter>Header Files\gui</Filter>
    </ClInclude>
    <ClInclude Include="..\gui\Static.h">
      <Filter>Header Files\gui</Filter>
    </ClInclude>
    <ClInclude Include="..\gui\StatusBar.h">
      <Filter>Header Files\gui</Filter>
    </ClInclude>
    <ClInclude Include="..\gui\TabControl.h">
      <Filter>Header Files\gui</Filter>
    </ClInclude>
    <ClInclude Include="..\gui\TabPage.h">
      <Filter>Header Files\gui</Filter>
    </ClInclude>
    <ClInclude Include="..\gui\TextField.h">
      <Filter>Header Files\gui</Filter>
    </ClInclude>
    <ClInclude Include="..\gui\ToolBar.h">
      <Filter>Header Files\gui</Filter>
    </ClInclude>
    <ClInclude Include="..\gui\ToolButton.h">
      <Filter>Header Files\gui</Filter>
    </ClInclude>
    <ClInclude Include="..\gui\ToolTip.h">
      <Filter>Header Files\gui</Filter>
    </ClInclude>
    <ClInclude Include="..\gui\TreeControl.h">
      <Filter>Header Files\gui</Filter>
    </ClInclude>
    <ClInclude Include="..\gui\TreeEntry.h">
      <Filter>Header Files\gui</Filter>
    </ClInclude>
    <ClInclude Include="..\gui\TreeItem.h">
      <Filter>Header Files\gui</Filter>
    </ClInclude>
    <ClInclude Include="..\gui\Window.h">
      <Filter>Header Files\gui</Filter>
    </ClInclude>
    <ClInclude Include="..\AboutWindow.h">
      <Filter>Header Files</Filter>
    </ClInclude>
    <ClInclude Include="..\Computer.h">
      <Filter>Header Files</Filter>
    </ClInclude>
    <ClInclude Include="..\Debugger.h">
      <Filter>Header Files</Filter>
    </ClInclude>
    <ClInclude Include="..\leaker.h">
      <Filter>Header Files</Filter>
    </ClInclude>
    <ClInclude Include="..\MainMenu.h">
      <Filter>Header Files</Filter>
    </ClInclude>
    <ClInclude Include="..\MainWindow.h">
      <Filter>Header Files</Filter>
    </ClInclude>
    <ClInclude Include="..\manufacturers.h">
      <Filter>Header Files</Filter>
    </ClInclude>
    <ClInclude Include="..\stc_messages.h">
      <Filter>Header Files</Filter>
    </ClInclude>
    <ClInclude Include="..\gui\wind_upg.h">
      <Filter>Header Files\gui</Filter>
    </ClInclude>
    <ClInclude Include="..\utils\utils.h">
      <Filter>Header Files\utils</Filter>
    </ClInclude>
  </ItemGroup>
</Project>